lockfileVersion: '6.0'

settings:
  autoInstallPeers: true
  excludeLinksFromLockfile: false

importers:

  .: {}

  packages/a:
    dependencies:
      b:
        specifier: workspace:*
        version: link:../b
      lodash:
        specifier: ^4.17.21
        version: 4.17.21

  packages/b:
    dependencies:
      lodash:
        specifier: 4.17.10
        version: 4.17.10

packages:

  /lodash@4.17.10:
    resolution: {integrity: sha512-UejweD1pDoXu+AD825lWwp4ZGtSwgnpZxb3JDViD7StjQz+Nb/6l093lx4OQ0foGWNRoc19mWy7BzL+UAK2iVg==}
    dev: false

  /lodash@4.17.21:
    resolution: {integrity: sha512-v2kDEe57lecTulaDIuNTPy3Ry4gLGJ6Z1O3vE1krgXZNrsQ+LFTGHVxVjcXPs17LhbZVGedAJv8XZ1tvj5FvSg==}
    dev: false
